
Microsoft Visual Studio Solution File, Format Version 12.00
# Visual Studio Version 17
VisualStudioVersion = 17.11.35312.102
MinimumVisualStudioVersion = 10.0.40219.1
Project("{2150E333-8FDC-42A3-9474-1A3956D46DE8}") = "Core", "Core", "{8ED9F769-DBC3-4963-A9B4-41988C66D851}"
EndProject
Project("{FAE04EC0-301F-11D3-BF4B-00C04F79EFBC}") = "CarBook.Domain", "Core\CarBook.Domain\CarBook.Domain.csproj", "{4DADC011-7B20-48B0-B927-841341461F43}"
EndProject
Project("{2150E333-8FDC-42A3-9474-1A3956D46DE8}") = "Infrastructure", "Infrastructure", "{815A6D7E-7EB4-4488-AF1D-1EC0CAD69406}"
EndProject
Project("{FAE04EC0-301F-11D3-BF4B-00C04F79EFBC}") = "CarBookProject.Persistence", "Infrastructure\CarBookProject.Persistence\CarBookProject.Persistence.csproj", "{835361C9-57DF-4046-B398-E896E4401493}"
EndProject
Project("{2150E333-8FDC-42A3-9474-1A3956D46DE8}") = "Presentation", "Presentation", "{5A73F9B5-22F1-4E4A-90EA-A496EA00CB27}"
EndProject
Project("{FAE04EC0-301F-11D3-BF4B-00C04F79EFBC}") = "CarBookProject.WebApi", "Presentation\CarBookProject.WebApi\CarBookProject.WebApi.csproj", "{02591A88-0DF7-4696-85F7-E8727B1C9086}"
EndProject
Project("{FAE04EC0-301F-11D3-BF4B-00C04F79EFBC}") = "CarBookProject.Application", "CarBookProject.Application\CarBookProject.Application.csproj", "{EBE8AD57-C7EB-4049-896D-93C901569259}"
EndProject
Project("{2150E333-8FDC-42A3-9474-1A3956D46DE8}") = "Frontends", "Frontends", "{02EA681E-C7D8-13C7-8484-4AC65E1B71E8}"
EndProject
Project("{FAE04EC0-301F-11D3-BF4B-00C04F79EFBC}") = "UdemyCarBook.WebUI", "Frontends\UdemyCarBook.WebUI\UdemyCarBook.WebUI.csproj", "{D8506F0F-968A-45A3-9E77-0DF7C1119C0B}"
EndProject
Project("{FAE04EC0-301F-11D3-BF4B-00C04F79EFBC}") = "UdemyCarBook.Dto", "Frontends\UdemyCarBook.Dto\UdemyCarBook.Dto.csproj", "{98AC70D2-79AE-4E4A-9CAF-4D316E85600F}"
EndProject
Global
	GlobalSection(SolutionConfigurationPlatforms) = preSolution
		Debug|Any CPU = Debug|Any CPU
		Release|Any CPU = Release|Any CPU
	EndGlobalSection
	GlobalSection(ProjectConfigurationPlatforms) = postSolution
		{4DADC011-7B20-48B0-B927-841341461F43}.Debug|Any CPU.ActiveCfg = Debug|Any CPU
		{4DADC011-7B20-48B0-B927-841341461F43}.Debug|Any CPU.Build.0 = Debug|Any CPU
		{4DADC011-7B20-48B0-B927-841341461F43}.Release|Any CPU.ActiveCfg = Release|Any CPU
		{4DADC011-7B20-48B0-B927-841341461F43}.Release|Any CPU.Build.0 = Release|Any CPU
		{835361C9-57DF-4046-B398-E896E4401493}.Debug|Any CPU.ActiveCfg = Debug|Any CPU
		{835361C9-57DF-4046-B398-E896E4401493}.Debug|Any CPU.Build.0 = Debug|Any CPU
		{835361C9-57DF-4046-B398-E896E4401493}.Release|Any CPU.ActiveCfg = Release|Any CPU
		{835361C9-57DF-4046-B398-E896E4401493}.Release|Any CPU.Build.0 = Release|Any CPU
		{02591A88-0DF7-4696-85F7-E8727B1C9086}.Debug|Any CPU.ActiveCfg = Debug|Any CPU
		{02591A88-0DF7-4696-85F7-E8727B1C9086}.Debug|Any CPU.Build.0 = Debug|Any CPU
		{02591A88-0DF7-4696-85F7-E8727B1C9086}.Release|Any CPU.ActiveCfg = Release|Any CPU
		{02591A88-0DF7-4696-85F7-E8727B1C9086}.Release|Any CPU.Build.0 = Release|Any CPU
		{EBE8AD57-C7EB-4049-896D-93C901569259}.Debug|Any CPU.ActiveCfg = Debug|Any CPU
		{EBE8AD57-C7EB-4049-896D-93C901569259}.Debug|Any CPU.Build.0 = Debug|Any CPU
		{EBE8AD57-C7EB-4049-896D-93C901569259}.Release|Any CPU.ActiveCfg = Release|Any CPU
		{EBE8AD57-C7EB-4049-896D-93C901569259}.Release|Any CPU.Build.0 = Release|Any CPU
		{D8506F0F-968A-45A3-9E77-0DF7C1119C0B}.Debug|Any CPU.ActiveCfg = Debug|Any CPU
		{D8506F0F-968A-45A3-9E77-0DF7C1119C0B}.Debug|Any CPU.Build.0 = Debug|Any CPU
		{D8506F0F-968A-45A3-9E77-0DF7C1119C0B}.Release|Any CPU.ActiveCfg = Release|Any CPU
		{D8506F0F-968A-45A3-9E77-0DF7C1119C0B}.Release|Any CPU.Build.0 = Release|Any CPU
		{98AC70D2-79AE-4E4A-9CAF-4D316E85600F}.Debug|Any CPU.ActiveCfg = Debug|Any CPU
		{98AC70D2-79AE-4E4A-9CAF-4D316E85600F}.Debug|Any CPU.Build.0 = Debug|Any CPU
		{98AC70D2-79AE-4E4A-9CAF-4D316E85600F}.Release|Any CPU.ActiveCfg = Release|Any CPU
		{98AC70D2-79AE-4E4A-9CAF-4D316E85600F}.Release|Any CPU.Build.0 = Release|Any CPU
	EndGlobalSection
	GlobalSection(SolutionProperties) = preSolution
		HideSolutionNode = FALSE
	EndGlobalSection
	GlobalSection(NestedProjects) = preSolution
		{4DADC011-7B20-48B0-B927-841341461F43} = {8ED9F769-DBC3-4963-A9B4-41988C66D851}
		{835361C9-57DF-4046-B398-E896E4401493} = {815A6D7E-7EB4-4488-AF1D-1EC0CAD69406}
		{02591A88-0DF7-4696-85F7-E8727B1C9086} = {5A73F9B5-22F1-4E4A-90EA-A496EA00CB27}
		{EBE8AD57-C7EB-4049-896D-93C901569259} = {8ED9F769-DBC3-4963-A9B4-41988C66D851}
		{D8506F0F-968A-45A3-9E77-0DF7C1119C0B} = {02EA681E-C7D8-13C7-8484-4AC65E1B71E8}
		{98AC70D2-79AE-4E4A-9CAF-4D316E85600F} = {02EA681E-C7D8-13C7-8484-4AC65E1B71E8}
	EndGlobalSection
	GlobalSection(ExtensibilityGlobals) = postSolution
		SolutionGuid = {16E4AA02-5AE7-4157-890A-175DCA4FD674}
	EndGlobalSection
EndGlobal
